{
    "name": "xcode-material-theme",
    "version": "3.0",
    "lockfileVersion": 2,
    "requires": true,
    "packages": {
        "": {
            "version": "3.0",
            "license": "MIT",
            "devDependencies": {
                "float": "^1.0.2",
                "hex-and-rgba": "^1.3.2",
                "jsonfile": "^5.0.0",
                "mustache": "^3.0.1"
            }
        },
        "node_modules/float": {
            "version": "1.0.2",
            "resolved": "https://registry.npm.taobao.org/float/download/float-1.0.2.tgz",
            "integrity": "sha1-aPnc1135PQ7P8Cix4CoAXR98HJU=",
            "dev": true
        },
        "node_modules/graceful-fs": {
            "version": "4.2.5",
            "resolved": "https://registry.npm.taobao.org/graceful-fs/download/graceful-fs-4.2.5.tgz",
            "integrity": "sha1-vBiGSmyfx7MD8uKr25FVrRePvik=",
            "dev": true,
            "optional": true
        },
        "node_modules/hex-and-rgba": {
            "version": "1.4.2",
            "resolved": "https://registry.npm.taobao.org/hex-and-rgba/download/hex-and-rgba-1.4.2.tgz",
            "integrity": "sha1-5T0H36rZ9p5lLXc1cijFw6VPaFk=",
            "dev": true,
            "bin": {
                "ahextorgba": "bin/ahextorgba.js",
                "hex-and-rgba": "bin/hex-and-rgba.js",
                "hexandrgba": "bin/hex-and-rgba.js",
                "hextorgba": "bin/hextorgba.js",
                "rgbatoahex": "bin/rgbatoahex.js",
                "rgbatohex": "bin/rgbatohex.js"
            },
            "engines": {
                "deno": ">= 1.0",
                "node": ">= 7.6"
            }
        },
        "node_modules/jsonfile": {
            "version": "5.0.0",
            "resolved": "https://registry.npm.taobao.org/jsonfile/download/jsonfile-5.0.0.tgz?cache=0&sync_timestamp=1604161912962&other_urls=https%3A%2F%2Fregistry.npm.taobao.org%2Fjsonfile%2Fdownload%2Fjsonfile-5.0.0.tgz",
            "integrity": "sha1-5rcY9z2kINYSgjmW/fFKA/b/aSI=",
            "dev": true,
            "dependencies": {
                "graceful-fs": "^4.1.6",
                "universalify": "^0.1.2"
            },
            "optionalDependencies": {
                "graceful-fs": "^4.1.6"
            }
        },
        "node_modules/mustache": {
            "version": "3.2.1",
            "resolved": "https://registry.npm.taobao.org/mustache/download/mustache-3.2.1.tgz",
            "integrity": "sha1-ieeKnSB9ePJ5mx6Vdkolv3GigyI=",
            "dev": true,
            "bin": {
                "mustache": "bin/mustache"
            },
            "engines": {
                "npm": ">=1.4.0"
            }
        },
        "node_modules/universalify": {
            "version": "0.1.2",
            "resolved": "https://registry.npm.taobao.org/universalify/download/universalify-0.1.2.tgz?cache=0&sync_timestamp=1603179970052&other_urls=https%3A%2F%2Fregistry.npm.taobao.org%2Funiversalify%2Fdownload%2Funiversalify-0.1.2.tgz",
            "integrity": "sha1-tkb2m+OULavOzJ1mOcgNwQXvqmY=",
            "dev": true,
            "engines": {
                "node": ">= 4.0.0"
            }
        }
    },
    "dependencies": {
        "float": {
            "version": "1.0.2",
            "resolved": "https://registry.npm.taobao.org/float/download/float-1.0.2.tgz",
            "integrity": "sha1-aPnc1135PQ7P8Cix4CoAXR98HJU=",
            "dev": true
        },
        "graceful-fs": {
            "version": "4.2.5",
            "resolved": "https://registry.npm.taobao.org/graceful-fs/download/graceful-fs-4.2.5.tgz",
            "integrity": "sha1-vBiGSmyfx7MD8uKr25FVrRePvik=",
            "dev": true,
            "optional": true
        },
        "hex-and-rgba": {
            "version": "1.4.2",
            "resolved": "https://registry.npm.taobao.org/hex-and-rgba/download/hex-and-rgba-1.4.2.tgz",
            "integrity": "sha1-5T0H36rZ9p5lLXc1cijFw6VPaFk=",
            "dev": true
        },
        "jsonfile": {
            "version": "5.0.0",
            "resolved": "https://registry.npm.taobao.org/jsonfile/download/jsonfile-5.0.0.tgz?cache=0&sync_timestamp=1604161912962&other_urls=https%3A%2F%2Fregistry.npm.taobao.org%2Fjsonfile%2Fdownload%2Fjsonfile-5.0.0.tgz",
            "integrity": "sha1-5rcY9z2kINYSgjmW/fFKA/b/aSI=",
            "dev": true,
            "requires": {
                "graceful-fs": "^4.1.6",
                "universalify": "^0.1.2"
            }
        },
        "mustache": {
            "version": "3.2.1",
            "resolved": "https://registry.npm.taobao.org/mustache/download/mustache-3.2.1.tgz",
            "integrity": "sha1-ieeKnSB9ePJ5mx6Vdkolv3GigyI=",
            "dev": true
        },
        "universalify": {
            "version": "0.1.2",
            "resolved": "https://registry.npm.taobao.org/universalify/download/universalify-0.1.2.tgz?cache=0&sync_timestamp=1603179970052&other_urls=https%3A%2F%2Fregistry.npm.taobao.org%2Funiversalify%2Fdownload%2Funiversalify-0.1.2.tgz",
            "integrity": "sha1-tkb2m+OULavOzJ1mOcgNwQXvqmY=",
            "dev": true
        }
    }
}
