# THIS IS AN AUTOGENERATED FILE. DO NOT EDIT THIS FILE DIRECTLY.
# yarn lockfile v1


float@^1.0.2:
  version "1.0.2"
  resolved "http://registry.npm.taobao.org/float/download/float-1.0.2.tgz#68f9dcd75df93d0ecff028b1e02a005d1f7c1c95"
  integrity sha1-aPnc1135PQ7P8Cix4CoAXR98HJU=

graceful-fs@^4.1.6:
  version "4.1.15"
  resolved "http://registry.npm.taobao.org/graceful-fs/download/graceful-fs-4.1.15.tgz#ffb703e1066e8a0eeaa4c8b80ba9253eeefbfb00"
  integrity sha1-/7cD4QZuig7qpMi4C6klPu77+wA=

hex-and-rgba@^1.3.2:
  version "1.3.2"
  resolved "http://registry.npm.taobao.org/hex-and-rgba/download/hex-and-rgba-1.3.2.tgz#60c7eac060ea9c0487ebcd236b0e94e9357a7d9a"
  integrity sha1-YMfqwGDqnASH680jaw6U6TV6fZo=

jsonfile@^5.0.0:
  version "5.0.0"
  resolved "http://registry.npm.taobao.org/jsonfile/download/jsonfile-5.0.0.tgz#e6b718f73da420d612823996fdf14a03f6ff6922"
  integrity sha1-5rcY9z2kINYSgjmW/fFKA/b/aSI=
  dependencies:
    universalify "^0.1.2"
  optionalDependencies:
    graceful-fs "^4.1.6"

mustache@^3.0.1:
  version "3.0.1"
  resolved "http://registry.npm.taobao.org/mustache/download/mustache-3.0.1.tgz#873855f23aa8a95b150fb96d9836edbc5a1d248a"
  integrity sha1-hzhV8jqoqVsVD7ltmDbtvFodJIo=

universalify@^0.1.2:
  version "0.1.2"
  resolved "http://registry.npm.taobao.org/universalify/download/universalify-0.1.2.tgz#b646f69be3942dabcecc9d6639c80dc105efaa66"
  integrity sha1-tkb2m+OULavOzJ1mOcgNwQXvqmY=
